
Microsoft Visual Studio Solution File, Format Version 12.00
# Visual Studio Version 17
VisualStudioVersion = 17.3.32901.215
MinimumVisualStudioVersion = 10.0.40219.1
Project("{FAE04EC0-301F-11D3-BF4B-00C04F79EFBC}") = "LaRottaO.CSharp.Utils.InteractWithCommandPrompt", "LaRottaO.CSharp.Utils.InteractWithCommandPrompt\LaRottaO.CSharp.Utils.InteractWithCommandPrompt.csproj", "{69156877-B450-48F5-B459-4641B6CFE99E}"
EndProject
Global
	GlobalSection(SolutionConfigurationPlatforms) = preSolution
		Debug|Any CPU = Debug|Any CPU
		Release|Any CPU = Release|Any CPU
	EndGlobalSection
	GlobalSection(ProjectConfigurationPlatforms) = postSolution
		{69156877-B450-48F5-B459-4641B6CFE99E}.Debug|Any CPU.ActiveCfg = Debug|Any CPU
		{69156877-B450-48F5-B459-4641B6CFE99E}.Debug|Any CPU.Build.0 = Debug|Any CPU
		{69156877-B450-48F5-B459-4641B6CFE99E}.Release|Any CPU.ActiveCfg = Release|Any CPU
		{69156877-B450-48F5-B459-4641B6CFE99E}.Release|Any CPU.Build.0 = Release|Any CPU
	EndGlobalSection
	GlobalSection(SolutionProperties) = preSolution
		HideSolutionNode = FALSE
	EndGlobalSection
	GlobalSection(ExtensibilityGlobals) = postSolution
		SolutionGuid = {BDA6E00C-E414-49BC-B2B0-6B0B316D2387}
	EndGlobalSection
EndGlobal
